// !$*UTF8*$!
{
	archiveVersion = 1;
	classes = {
	};
	objectVersion = 46;
	objects = {

/* Begin PBXBuildFile section */
		1A8307CD1C39649600A2F204 /* main.c in Sources */ = {isa = PBXBuildFile; fileRef = 1A8307CC1C39649600A2F204 /* main.c */; };
		1A8307D51C3964A900A2F204 /* ctrycatch.c in Sources */ = {isa = PBXBuildFile; fileRef = 1A8307D31C3964A900A2F204 /* ctrycatch.c */; };
/* End PBXBuildFile section */

/* Begin PBXCopyFilesBuildPhase section */
		1A8307C71C39649600A2F204 /* CopyFiles */ = {
			isa = PBXCopyFilesBuildPhase;
			buildActionMask = 2147483647;
			dstPath = /usr/share/man/man1/;
			dstSubfolderSpec = 0;
			files = (
			);
			runOnlyForDeploymentPostprocessing = 1;
		};
/* End PBXCopyFilesBuildPhase section */

/* Begin PBXFileReference section */
		1A8307C91C39649600A2F204 /* CTryCatchTest */ = {isa = PBXFileReference; explicitFileType = "compiled.mach-o.executable"; includeInIndex = 0; path = CTryCatchTest; sourceTree = BUILT_PRODUCTS_DIR; };
		1A8307CC1C39649600A2F204 /* main.c */ = {isa = PBXFileReference; lastKnownFileType = sourcecode.c.c; path = main.c; sourceTree = "<group>"; };
		1A8307D31C3964A900A2F204 /* ctrycatch.c */ = {isa = PBXFileReference; fileEncoding = 4; lastKnownFileType = sourcecode.c.c; name = ctrycatch.c; path = ../../../ctrycatch.c; sourceTree = "<group>"; };
		1A8307D41C3964A900A2F204 /* ctrycatch.h */ = {isa = PBXFileReference; fileEncoding = 4; lastKnownFileType = sourcecode.c.h; name = ctrycatch.h; path = ../../../ctrycatch.h; sourceTree = "<group>"; };
		1A8307D61C39714900A2F204 /* ctrycatch_exception_types.conf */ = {isa = PBXFileReference; fileEncoding = 4; lastKnownFileType = text; name = ctrycatch_exception_types.conf; path = ../../../ctrycatch_exception_types.conf; sourceTree = "<group>"; };
/* End PBXFileReference section */

/* Begin PBXFrameworksBuildPhase section */
		1A8307C61C39649600A2F204 /* Frameworks */ = {
			isa = PBXFrameworksBuildPhase;
			buildActionMask = 2147483647;
			files = (
			);
			runOnlyForDeploymentPostprocessing = 0;
		};
/* End PBXFrameworksBuildPhase section */

/* Begin PBXGroup section */
		1A8307C01C39649600A2F204 = {
			isa = PBXGroup;
			children = (
				1A8307CB1C39649600A2F204 /* CTryCatchTest */,
				1A8307CA1C39649600A2F204 /* Products */,
			);
			sourceTree = "<group>";
		};
		1A8307CA1C39649600A2F204 /* Products */ = {
			isa = PBXGroup;
			children = (
				1A8307C91C39649600A2F204 /* CTryCatchTest */,
			);
			name = Products;
			sourceTree = "<group>";
		};
		1A8307CB1C39649600A2F204 /* CTryCatchTest */ = {
			isa = PBXGroup;
			children = (
				1A8307D31C3964A900A2F204 /* ctrycatch.c */,
				1A8307D61C39714900A2F204 /* ctrycatch_exception_types.conf */,
				1A8307D41C3964A900A2F204 /* ctrycatch.h */,
				1A8307CC1C39649600A2F204 /* main.c */,
			);
			path = CTryCatchTest;
			sourceTree = "<group>";
		};
/* End PBXGroup section */

/* Begin PBXNativeTarget section */
		1A8307C81C39649600A2F204 /* CTryCatchTest */ = {
			isa = PBXNativeTarget;
			buildConfigurationList = 1A8307D01C39649600A2F204 /* Build configuration list for PBXNativeTarget "CTryCatchTest" */;
			buildPhases = (
				1A8307C51C39649600A2F204 /* Sources */,
				1A8307C61C39649600A2F204 /* Frameworks */,
				1A8307C71C39649600A2F204 /* CopyFiles */,
			);
			buildRules = (
			);
			dependencies = (
			);
			name = CTryCatchTest;
			productName = CTryCatchTest;
			productReference = 1A8307C91C39649600A2F204 /* CTryCatchTest */;
			productType = "com.apple.product-type.tool";
		};
/* End PBXNativeTarget section */

/* Begin PBXProject section */
		1A8307C11C39649600A2F204 /* Project object */ = {
			isa = PBXProject;
			attributes = {
				LastUpgradeCheck = 0720;
				ORGANIZATIONNAME = "James Swineson";
				TargetAttributes = {
					1A8307C81C39649600A2F204 = {
						CreatedOnToolsVersion = 7.2;
					};
				};
			};
			buildConfigurationList = 1A8307C41C39649600A2F204 /* Build configuration list for PBXProject "CTryCatchTest" */;
			compatibilityVersion = "Xcode 3.2";
			developmentRegion = English;
			hasScannedForEncodings = 0;
			knownRegions = (
				en,
			);
			mainGroup = 1A8307C01C39649600A2F204;
			productRefGroup = 1A8307CA1C39649600A2F204 /* Products */;
			projectDirPath = "";
			projectRoot = "";
			targets = (
				1A8307C81C39649600A2F204 /* CTryCatchTest */,
			);
		};
/* End PBXProject section */

/* Begin PBXSourcesBuildPhase section */
		1A8307C51C39649600A2F204 /* Sources */ = {
			isa = PBXSourcesBuildPhase;
			buildActionMask = 2147483647;
			files = (
				1A8307CD1C39649600A2F204 /* main.c in Sources */,
				1A8307D51C3964A900A2F204 /* ctrycatch.c in Sources */,
			);
			runOnlyForDeploymentPostprocessing = 0;
		};
/* End PBXSourcesBuildPhase section */

/* Begin XCBuildConfiguration section */
		1A8307CE1C39649600A2F204 /* Debug */ = {
			isa = XCBuildConfiguration;
			buildSettings = {
				ALWAYS_SEARCH_USER_PATHS = NO;
				CLANG_CXX_LANGUAGE_STANDARD = "gnu++0x";
				CLANG_CXX_LIBRARY = "libc++";
				CLANG_ENABLE_MODULES = YES;
				CLANG_ENABLE_OBJC_ARC = YES;
				CLANG_WARN_BOOL_CONVERSION = YES;
				CLANG_WARN_CONSTANT_CONVERSION = YES;
				CLANG_WARN_DIRECT_OBJC_ISA_USAGE = YES_ERROR;
				CLANG_WARN_EMPTY_BODY = YES;
				CLANG_WARN_ENUM_CONVERSION = YES;
				CLANG_WARN_INT_CONVERSION = YES;
				CLANG_WARN_OBJC_ROOT_CLASS = YES_ERROR;
				CLANG_WARN_UNREACHABLE_CODE = YES;
				CLANG_WARN__DUPLICATE_METHOD_MATCH = YES;
				CODE_SIGN_IDENTITY = "-";
				COPY_PHASE_STRIP = NO;
				DEBUG_INFORMATION_FORMAT = dwarf;
				ENABLE_STRICT_OBJC_MSGSEND = YES;
				ENABLE_TESTABILITY = YES;
				GCC_C_LANGUAGE_STANDARD = gnu99;
				GCC_DYNAMIC_NO_PIC = NO;
				GCC_NO_COMMON_BLOCKS = YES;
				GCC_OPTIMIZATION_LEVEL = 0;
				GCC_PREPROCESSOR_DEFINITIONS = (
					"DEBUG=1",
					"$(inherited)",
				);
				GCC_WARN_64_TO_32_BIT_CONVERSION = YES;
				GCC_WARN_ABOUT_RETURN_TYPE = YES_ERROR;
				GCC_WARN_UNDECLARED_SELECTOR = YES;
				GCC_WARN_UNINITIALIZED_AUTOS = YES_AGGRESSIVE;
				GCC_WARN_UNUSED_FUNCTION = YES;
				GCC_WARN_UNUSED_VARIABLE = YES;
				MACOSX_DEPLOYMENT_TARGET = 10.11;
				MTL_ENABLE_DEBUG_INFO = YES;
				ONLY_ACTIVE_ARCH = YES;
				SDKROOT = macosx;
			};
			name = Debug;
		};
		1A8307CF1C39649600A2F204 /* Release */ = {
			isa = XCBuildConfiguration;
			buildSettings = {
				ALWAYS_SEARCH_USER_PATHS = NO;
				CLANG_CXX_LANGUAGE_STANDARD = "gnu++0x";
				CLANG_CXX_LIBRARY = "libc++";
				CLANG_ENABLE_MODULES = YES;
				CLANG_ENABLE_OBJC_ARC = YES;
				CLANG_WARN_BOOL_CONVERSION = YES;
				CLANG_WARN_CONSTANT_CONVERSION = YES;
				CLANG_WARN_DIRECT_OBJC_ISA_USAGE = YES_ERROR;
				CLANG_WARN_EMPTY_BODY = YES;
				CLANG_WARN_ENUM_CONVERSION = YES;
				CLANG_WARN_INT_CONVERSION = YES;
				CLANG_WARN_OBJC_ROOT_CLASS = YES_ERROR;
				CLANG_WARN_UNREACHABLE_CODE = YES;
				CLANG_WARN__DUPLICATE_METHOD_MATCH = YES;
				CODE_SIGN_IDENTITY = "-";
				COPY_PHASE_STRIP = NO;
				DEBUG_INFORMATION_FORMAT = "dwarf-with-dsym";
				ENABLE_NS_ASSERTIONS = NO;
				ENABLE_STRICT_OBJC_MSGSEND = YES;
				GCC_C_LANGUAGE_STANDARD = gnu99;
				GCC_NO_COMMON_BLOCKS = YES;
				GCC_WARN_64_TO_32_BIT_CONVERSION = YES;
				GCC_WARN_ABOUT_RETURN_TYPE = YES_ERROR;
				GCC_WARN_UNDECLARED_SELECTOR = YES;
				GCC_WARN_UNINITIALIZED_AUTOS = YES_AGGRESSIVE;
				GCC_WARN_UNUSED_FUNCTION = YES;
				GCC_WARN_UNUSED_VARIABLE = YES;
				MACOSX_DEPLOYMENT_TARGET = 10.11;
				MTL_ENABLE_DEBUG_INFO = NO;
				SDKROOT = macosx;
			};
			name = Release;
		};
		1A8307D11C39649600A2F204 /* Debug */ = {
			isa = XCBuildConfiguration;
			buildSettings = {
				PRODUCT_NAME = "$(TARGET_NAME)";
			};
			name = Debug;
		};
		1A8307D21C39649600A2F204 /* Release */ = {
			isa = XCBuildConfiguration;
			buildSettings = {
				PRODUCT_NAME = "$(TARGET_NAME)";
			};
			name = Release;
		};
/* End XCBuildConfiguration section */

/* Begin XCConfigurationList section */
		1A8307C41C39649600A2F204 /* Build configuration list for PBXProject "CTryCatchTest" */ = {
			isa = XCConfigurationList;
			buildConfigurations = (
				1A8307CE1C39649600A2F204 /* Debug */,
				1A8307CF1C39649600A2F204 /* Release */,
			);
			defaultConfigurationIsVisible = 0;
			defaultConfigurationName = Release;
		};
		1A8307D01C39649600A2F204 /* Build configuration list for PBXNativeTarget "CTryCatchTest" */ = {
			isa = XCConfigurationList;
			buildConfigurations = (
				1A8307D11C39649600A2F204 /* Debug */,
				1A8307D21C39649600A2F204 /* Release */,
			);
			defaultConfigurationIsVisible = 0;
		};
/* End XCConfigurationList section */
	};
	rootObject = 1A8307C11C39649600A2F204 /* Project object */;
}
